// !$*UTF8*$!
{
	archiveVersion = 1;
	classes = {
	};
	objectVersion = 50;
	objects = {

/* Begin PBXBuildFile section */
		A278782B2536B6D500A7DFF3 /* SongInfo.swift in Sources */ = {isa = PBXBuildFile; fileRef = A278782A2536B6D500A7DFF3 /* SongInfo.swift */; };
		A278782D2536BAED00A7DFF3 /* Song.swift in Sources */ = {isa = PBXBuildFile; fileRef = A278782C2536BAED00A7DFF3 /* Song.swift */; };
		A278782F2536C2AF00A7DFF3 /* MyTableViewCell.swift in Sources */ = {isa = PBXBuildFile; fileRef = A278782E2536C2AF00A7DFF3 /* MyTableViewCell.swift */; };
		A27878312536C43D00A7DFF3 /* SecondViewController.swift in Sources */ = {isa = PBXBuildFile; fileRef = A27878302536C43D00A7DFF3 /* SecondViewController.swift */; };
		A27878332536D12800A7DFF3 /* SongManager.swift in Sources */ = {isa = PBXBuildFile; fileRef = A27878322536D12800A7DFF3 /* SongManager.swift */; };
		A27878362536EE5200A7DFF3 /* SongData.swift in Sources */ = {isa = PBXBuildFile; fileRef = A27878352536EE5200A7DFF3 /* SongData.swift */; };
		A27878382536F0A000A7DFF3 /* SongModel.swift in Sources */ = {isa = PBXBuildFile; fileRef = A27878372536F0A000A7DFF3 /* SongModel.swift */; };
		A278783C2536FC5D00A7DFF3 /* Happy Now.mp3 in Resources */ = {isa = PBXBuildFile; fileRef = A278783B2536FC5D00A7DFF3 /* Happy Now.mp3 */; };
		A27878402536FCA500A7DFF3 /* The Nights.mp3 in Resources */ = {isa = PBXBuildFile; fileRef = A278783F2536FCA500A7DFF3 /* The Nights.mp3 */; };
		A27878422536FD1C00A7DFF3 /* Don't give up on me.mp3 in Resources */ = {isa = PBXBuildFile; fileRef = A27878412536FD1C00A7DFF3 /* Don't give up on me.mp3 */; };
		A27878442536FD4500A7DFF3 /* I Lived.mp3 in Resources */ = {isa = PBXBuildFile; fileRef = A27878432536FD4500A7DFF3 /* I Lived.mp3 */; };
		A27878462536FDA800A7DFF3 /* Confirmation.mp3 in Resources */ = {isa = PBXBuildFile; fileRef = A27878452536FDA800A7DFF3 /* Confirmation.mp3 */; };
		A27878482536FDD800A7DFF3 /* What you wanted.mp3 in Resources */ = {isa = PBXBuildFile; fileRef = A27878472536FDD800A7DFF3 /* What you wanted.mp3 */; };
		A278784A2536FE1E00A7DFF3 /* Holy.mp3 in Resources */ = {isa = PBXBuildFile; fileRef = A27878492536FE1E00A7DFF3 /* Holy.mp3 */; };
		A278784C2536FE5600A7DFF3 /* Unstoppable.mp3 in Resources */ = {isa = PBXBuildFile; fileRef = A278784B2536FE5600A7DFF3 /* Unstoppable.mp3 */; };
		A278784E2536FE9D00A7DFF3 /* Hello.mp3 in Resources */ = {isa = PBXBuildFile; fileRef = A278784D2536FE9D00A7DFF3 /* Hello.mp3 */; };
		A2A730382535BE360087B6F8 /* AppDelegate.swift in Sources */ = {isa = PBXBuildFile; fileRef = A2A730372535BE360087B6F8 /* AppDelegate.swift */; };
		A2A7303A2535BE360087B6F8 /* SceneDelegate.swift in Sources */ = {isa = PBXBuildFile; fileRef = A2A730392535BE360087B6F8 /* SceneDelegate.swift */; };
		A2A7303C2535BE360087B6F8 /* FirstViewController.swift in Sources */ = {isa = PBXBuildFile; fileRef = A2A7303B2535BE360087B6F8 /* FirstViewController.swift */; };
		A2A7303F2535BE360087B6F8 /* Main.storyboard in Resources */ = {isa = PBXBuildFile; fileRef = A2A7303D2535BE360087B6F8 /* Main.storyboard */; };
		A2A730412535BE3B0087B6F8 /* Assets.xcassets in Resources */ = {isa = PBXBuildFile; fileRef = A2A730402535BE3B0087B6F8 /* Assets.xcassets */; };
		A2A730442535BE3B0087B6F8 /* LaunchScreen.storyboard in Resources */ = {isa = PBXBuildFile; fileRef = A2A730422535BE3B0087B6F8 /* LaunchScreen.storyboard */; };
/* End PBXBuildFile section */

/* Begin PBXFileReference section */
		A278782A2536B6D500A7DFF3 /* SongInfo.swift */ = {isa = PBXFileReference; lastKnownFileType = sourcecode.swift; path = SongInfo.swift; sourceTree = "<group>"; };
		A278782C2536BAED00A7DFF3 /* Song.swift */ = {isa = PBXFileReference; lastKnownFileType = sourcecode.swift; path = Song.swift; sourceTree = "<group>"; };
		A278782E2536C2AF00A7DFF3 /* MyTableViewCell.swift */ = {isa = PBXFileReference; lastKnownFileType = sourcecode.swift; path = MyTableViewCell.swift; sourceTree = "<group>"; };
		A27878302536C43D00A7DFF3 /* SecondViewController.swift */ = {isa = PBXFileReference; lastKnownFileType = sourcecode.swift; path = SecondViewController.swift; sourceTree = "<group>"; };
		A27878322536D12800A7DFF3 /* SongManager.swift */ = {isa = PBXFileReference; lastKnownFileType = sourcecode.swift; path = SongManager.swift; sourceTree = "<group>"; };
		A27878352536EE5200A7DFF3 /* SongData.swift */ = {isa = PBXFileReference; lastKnownFileType = sourcecode.swift; path = SongData.swift; sourceTree = "<group>"; };
		A27878372536F0A000A7DFF3 /* SongModel.swift */ = {isa = PBXFileReference; lastKnownFileType = sourcecode.swift; path = SongModel.swift; sourceTree = "<group>"; };
		A278783B2536FC5D00A7DFF3 /* Happy Now.mp3 */ = {isa = PBXFileReference; lastKnownFileType = audio.mp3; path = "Happy Now.mp3"; sourceTree = "<group>"; };
		A278783F2536FCA500A7DFF3 /* The Nights.mp3 */ = {isa = PBXFileReference; lastKnownFileType = audio.mp3; path = "The Nights.mp3"; sourceTree = "<group>"; };
		A27878412536FD1C00A7DFF3 /* Don't give up on me.mp3 */ = {isa = PBXFileReference; lastKnownFileType = audio.mp3; path = "Don't give up on me.mp3"; sourceTree = "<group>"; };
		A27878432536FD4500A7DFF3 /* I Lived.mp3 */ = {isa = PBXFileReference; lastKnownFileType = audio.mp3; path = "I Lived.mp3"; sourceTree = "<group>"; };
		A27878452536FDA800A7DFF3 /* Confirmation.mp3 */ = {isa = PBXFileReference; lastKnownFileType = audio.mp3; path = Confirmation.mp3; sourceTree = "<group>"; };
		A27878472536FDD800A7DFF3 /* What you wanted.mp3 */ = {isa = PBXFileReference; lastKnownFileType = audio.mp3; path = "What you wanted.mp3"; sourceTree = "<group>"; };
		A27878492536FE1E00A7DFF3 /* Holy.mp3 */ = {isa = PBXFileReference; lastKnownFileType = audio.mp3; path = Holy.mp3; sourceTree = "<group>"; };
		A278784B2536FE5600A7DFF3 /* Unstoppable.mp3 */ = {isa = PBXFileReference; lastKnownFileType = audio.mp3; path = Unstoppable.mp3; sourceTree = "<group>"; };
		A278784D2536FE9D00A7DFF3 /* Hello.mp3 */ = {isa = PBXFileReference; lastKnownFileType = audio.mp3; path = Hello.mp3; sourceTree = "<group>"; };
		A2A730342535BE360087B6F8 /* musicWithLyricsPlayer.app */ = {isa = PBXFileReference; explicitFileType = wrapper.application; includeInIndex = 0; path = musicWithLyricsPlayer.app; sourceTree = BUILT_PRODUCTS_DIR; };
		A2A730372535BE360087B6F8 /* AppDelegate.swift */ = {isa = PBXFileReference; lastKnownFileType = sourcecode.swift; path = AppDelegate.swift; sourceTree = "<group>"; };
		A2A730392535BE360087B6F8 /* SceneDelegate.swift */ = {isa = PBXFileReference; lastKnownFileType = sourcecode.swift; path = SceneDelegate.swift; sourceTree = "<group>"; };
		A2A7303B2535BE360087B6F8 /* FirstViewController.swift */ = {isa = PBXFileReference; lastKnownFileType = sourcecode.swift; path = FirstViewController.swift; sourceTree = "<group>"; };
		A2A7303E2535BE360087B6F8 /* Base */ = {isa = PBXFileReference; lastKnownFileType = file.storyboard; name = Base; path = Base.lproj/Main.storyboard; sourceTree = "<group>"; };
		A2A730402535BE3B0087B6F8 /* Assets.xcassets */ = {isa = PBXFileReference; lastKnownFileType = folder.assetcatalog; path = Assets.xcassets; sourceTree = "<group>"; };
		A2A730432535BE3B0087B6F8 /* Base */ = {isa = PBXFileReference; lastKnownFileType = file.storyboard; name = Base; path = Base.lproj/LaunchScreen.storyboard; sourceTree = "<group>"; };
		A2A730452535BE3B0087B6F8 /* Info.plist */ = {isa = PBXFileReference; lastKnownFileType = text.plist.xml; path = Info.plist; sourceTree = "<group>"; };
/* End PBXFileReference section */

/* Begin PBXFrameworksBuildPhase section */
		A2A730312535BE360087B6F8 /* Frameworks */ = {
			isa = PBXFrameworksBuildPhase;
			buildActionMask = 2147483647;
			files = (
			);
			runOnlyForDeploymentPostprocessing = 0;
		};
/* End PBXFrameworksBuildPhase section */

/* Begin PBXGroup section */
		A2A7302B2535BE360087B6F8 = {
			isa = PBXGroup;
			children = (
				A2A730362535BE360087B6F8 /* musicWithLyricsPlayer */,
				A2A730352535BE360087B6F8 /* Products */,
			);
			sourceTree = "<group>";
		};
		A2A730352535BE360087B6F8 /* Products */ = {
			isa = PBXGroup;
			children = (
				A2A730342535BE360087B6F8 /* musicWithLyricsPlayer.app */,
			);
			name = Products;
			sourceTree = "<group>";
		};
		A2A730362535BE360087B6F8 /* musicWithLyricsPlayer */ = {
			isa = PBXGroup;
			children = (
				A2A730372535BE360087B6F8 /* AppDelegate.swift */,
				A2A730392535BE360087B6F8 /* SceneDelegate.swift */,
				A2A7304D2535BE5F0087B6F8 /* Model */,
				A2A7304C2535BE580087B6F8 /* View */,
				A2A7304B2535BE430087B6F8 /* Controller */,
				A2A730402535BE3B0087B6F8 /* Assets.xcassets */,
				A2A7304E2535BE690087B6F8 /* Songs */,
				A2A730422535BE3B0087B6F8 /* LaunchScreen.storyboard */,
				A2A730452535BE3B0087B6F8 /* Info.plist */,
				A278782E2536C2AF00A7DFF3 /* MyTableViewCell.swift */,
			);
			path = musicWithLyricsPlayer;
			sourceTree = "<group>";
		};
		A2A7304B2535BE430087B6F8 /* Controller */ = {
			isa = PBXGroup;
			children = (
				A2A7303B2535BE360087B6F8 /* FirstViewController.swift */,
				A27878302536C43D00A7DFF3 /* SecondViewController.swift */,
			);
			path = Controller;
			sourceTree = "<group>";
		};
		A2A7304C2535BE580087B6F8 /* View */ = {
			isa = PBXGroup;
			children = (
				A2A7303D2535BE360087B6F8 /* Main.storyboard */,
			);
			path = View;
			sourceTree = "<group>";
		};
		A2A7304D2535BE5F0087B6F8 /* Model */ = {
			isa = PBXGroup;
			children = (
				A278782C2536BAED00A7DFF3 /* Song.swift */,
				A278782A2536B6D500A7DFF3 /* SongInfo.swift */,
				A27878322536D12800A7DFF3 /* SongManager.swift */,
				A27878352536EE5200A7DFF3 /* SongData.swift */,
				A27878372536F0A000A7DFF3 /* SongModel.swift */,
			);
			path = Model;
			sourceTree = "<group>";
		};
		A2A7304E2535BE690087B6F8 /* Songs */ = {
			isa = PBXGroup;
			children = (
				A278783B2536FC5D00A7DFF3 /* Happy Now.mp3 */,
				A278783F2536FCA500A7DFF3 /* The Nights.mp3 */,
				A27878412536FD1C00A7DFF3 /* Don't give up on me.mp3 */,
				A27878432536FD4500A7DFF3 /* I Lived.mp3 */,
				A27878452536FDA800A7DFF3 /* Confirmation.mp3 */,
				A27878472536FDD800A7DFF3 /* What you wanted.mp3 */,
				A27878492536FE1E00A7DFF3 /* Holy.mp3 */,
				A278784B2536FE5600A7DFF3 /* Unstoppable.mp3 */,
				A278784D2536FE9D00A7DFF3 /* Hello.mp3 */,
			);
			path = Songs;
			sourceTree = "<group>";
		};
/* End PBXGroup section */

/* Begin PBXNativeTarget section */
		A2A730332535BE360087B6F8 /* musicWithLyricsPlayer */ = {
			isa = PBXNativeTarget;
			buildConfigurationList = A2A730482535BE3B0087B6F8 /* Build configuration list for PBXNativeTarget "musicWithLyricsPlayer" */;
			buildPhases = (
				A2A730302535BE360087B6F8 /* Sources */,
				A2A730312535BE360087B6F8 /* Frameworks */,
				A2A730322535BE360087B6F8 /* Resources */,
			);
			buildRules = (
			);
			dependencies = (
			);
			name = musicWithLyricsPlayer;
			productName = musicWithLyricsPlayer;
			productReference = A2A730342535BE360087B6F8 /* musicWithLyricsPlayer.app */;
			productType = "com.apple.product-type.application";
		};
/* End PBXNativeTarget section */

/* Begin PBXProject section */
		A2A7302C2535BE360087B6F8 /* Project object */ = {
			isa = PBXProject;
			attributes = {
				LastSwiftUpdateCheck = 1140;
				LastUpgradeCheck = 1140;
				ORGANIZATIONNAME = Syimyk;
				TargetAttributes = {
					A2A730332535BE360087B6F8 = {
						CreatedOnToolsVersion = 11.4.1;
					};
				};
			};
			buildConfigurationList = A2A7302F2535BE360087B6F8 /* Build configuration list for PBXProject "musicWithLyricsPlayer" */;
			compatibilityVersion = "Xcode 9.3";
			developmentRegion = en;
			hasScannedForEncodings = 0;
			knownRegions = (
				en,
				Base,
			);
			mainGroup = A2A7302B2535BE360087B6F8;
			productRefGroup = A2A730352535BE360087B6F8 /* Products */;
			projectDirPath = "";
			projectRoot = "";
			targets = (
				A2A730332535BE360087B6F8 /* musicWithLyricsPlayer */,
			);
		};
/* End PBXProject section */

/* Begin PBXResourcesBuildPhase section */
		A2A730322535BE360087B6F8 /* Resources */ = {
			isa = PBXResourcesBuildPhase;
			buildActionMask = 2147483647;
			files = (
				A27878422536FD1C00A7DFF3 /* Don't give up on me.mp3 in Resources */,
				A278784A2536FE1E00A7DFF3 /* Holy.mp3 in Resources */,
				A278784C2536FE5600A7DFF3 /* Unstoppable.mp3 in Resources */,
				A2A730442535BE3B0087B6F8 /* LaunchScreen.storyboard in Resources */,
				A278783C2536FC5D00A7DFF3 /* Happy Now.mp3 in Resources */,
				A2A730412535BE3B0087B6F8 /* Assets.xcassets in Resources */,
				A27878462536FDA800A7DFF3 /* Confirmation.mp3 in Resources */,
				A2A7303F2535BE360087B6F8 /* Main.storyboard in Resources */,
				A27878482536FDD800A7DFF3 /* What you wanted.mp3 in Resources */,
				A27878442536FD4500A7DFF3 /* I Lived.mp3 in Resources */,
				A27878402536FCA500A7DFF3 /* The Nights.mp3 in Resources */,
				A278784E2536FE9D00A7DFF3 /* Hello.mp3 in Resources */,
			);
			runOnlyForDeploymentPostprocessing = 0;
		};
/* End PBXResourcesBuildPhase section */

/* Begin PBXSourcesBuildPhase section */
		A2A730302535BE360087B6F8 /* Sources */ = {
			isa = PBXSourcesBuildPhase;
			buildActionMask = 2147483647;
			files = (
				A278782B2536B6D500A7DFF3 /* SongInfo.swift in Sources */,
				A2A7303C2535BE360087B6F8 /* FirstViewController.swift in Sources */,
				A2A730382535BE360087B6F8 /* AppDelegate.swift in Sources */,
				A2A7303A2535BE360087B6F8 /* SceneDelegate.swift in Sources */,
				A27878312536C43D00A7DFF3 /* SecondViewController.swift in Sources */,
				A27878362536EE5200A7DFF3 /* SongData.swift in Sources */,
				A27878382536F0A000A7DFF3 /* SongModel.swift in Sources */,
				A278782D2536BAED00A7DFF3 /* Song.swift in Sources */,
				A27878332536D12800A7DFF3 /* SongManager.swift in Sources */,
				A278782F2536C2AF00A7DFF3 /* MyTableViewCell.swift in Sources */,
			);
			runOnlyForDeploymentPostprocessing = 0;
		};
/* End PBXSourcesBuildPhase section */

/* Begin PBXVariantGroup section */
		A2A7303D2535BE360087B6F8 /* Main.storyboard */ = {
			isa = PBXVariantGroup;
			children = (
				A2A7303E2535BE360087B6F8 /* Base */,
			);
			name = Main.storyboard;
			sourceTree = "<group>";
		};
		A2A730422535BE3B0087B6F8 /* LaunchScreen.storyboard */ = {
			isa = PBXVariantGroup;
			children = (
				A2A730432535BE3B0087B6F8 /* Base */,
			);
			name = LaunchScreen.storyboard;
			sourceTree = "<group>";
		};
/* End PBXVariantGroup section */

/* Begin XCBuildConfiguration section */
		A2A730462535BE3B0087B6F8 /* Debug */ = {
			isa = XCBuildConfiguration;
			buildSettings = {
				ALWAYS_SEARCH_USER_PATHS = NO;
				CLANG_ANALYZER_NONNULL = YES;
				CLANG_ANALYZER_NUMBER_OBJECT_CONVERSION = YES_AGGRESSIVE;
				CLANG_CXX_LANGUAGE_STANDARD = "gnu++14";
				CLANG_CXX_LIBRARY = "libc++";
				CLANG_ENABLE_MODULES = YES;
				CLANG_ENABLE_OBJC_ARC = YES;
				CLANG_ENABLE_OBJC_WEAK = YES;
				CLANG_WARN_BLOCK_CAPTURE_AUTORELEASING = YES;
				CLANG_WARN_BOOL_CONVERSION = YES;
				CLANG_WARN_COMMA = YES;
				CLANG_WARN_CONSTANT_CONVERSION = YES;
				CLANG_WARN_DEPRECATED_OBJC_IMPLEMENTATIONS = YES;
				CLANG_WARN_DIRECT_OBJC_ISA_USAGE = YES_ERROR;
				CLANG_WARN_DOCUMENTATION_COMMENTS = YES;
				CLANG_WARN_EMPTY_BODY = YES;
				CLANG_WARN_ENUM_CONVERSION = YES;
				CLANG_WARN_INFINITE_RECURSION = YES;
				CLANG_WARN_INT_CONVERSION = YES;
				CLANG_WARN_NON_LITERAL_NULL_CONVERSION = YES;
				CLANG_WARN_OBJC_IMPLICIT_RETAIN_SELF = YES;
				CLANG_WARN_OBJC_LITERAL_CONVERSION = YES;
				CLANG_WARN_OBJC_ROOT_CLASS = YES_ERROR;
				CLANG_WARN_RANGE_LOOP_ANALYSIS = YES;
				CLANG_WARN_STRICT_PROTOTYPES = YES;
				CLANG_WARN_SUSPICIOUS_MOVE = YES;
				CLANG_WARN_UNGUARDED_AVAILABILITY = YES_AGGRESSIVE;
				CLANG_WARN_UNREACHABLE_CODE = YES;
				CLANG_WARN__DUPLICATE_METHOD_MATCH = YES;
				COPY_PHASE_STRIP = NO;
				DEBUG_INFORMATION_FORMAT = dwarf;
				ENABLE_STRICT_OBJC_MSGSEND = YES;
				ENABLE_TESTABILITY = YES;
				GCC_C_LANGUAGE_STANDARD = gnu11;
				GCC_DYNAMIC_NO_PIC = NO;
				GCC_NO_COMMON_BLOCKS = YES;
				GCC_OPTIMIZATION_LEVEL = 0;
				GCC_PREPROCESSOR_DEFINITIONS = (
					"DEBUG=1",
					"$(inherited)",
				);
				GCC_WARN_64_TO_32_BIT_CONVERSION = YES;
				GCC_WARN_ABOUT_RETURN_TYPE = YES_ERROR;
				GCC_WARN_UNDECLARED_SELECTOR = YES;
				GCC_WARN_UNINITIALIZED_AUTOS = YES_AGGRESSIVE;
				GCC_WARN_UNUSED_FUNCTION = YES;
				GCC_WARN_UNUSED_VARIABLE = YES;
				IPHONEOS_DEPLOYMENT_TARGET = 13.4;
				MTL_ENABLE_DEBUG_INFO = INCLUDE_SOURCE;
				MTL_FAST_MATH = YES;
				ONLY_ACTIVE_ARCH = YES;
				SDKROOT = iphoneos;
				SWIFT_ACTIVE_COMPILATION_CONDITIONS = DEBUG;
				SWIFT_OPTIMIZATION_LEVEL = "-Onone";
			};
			name = Debug;
		};
		A2A730472535BE3B0087B6F8 /* Release */ = {
			isa = XCBuildConfiguration;
			buildSettings = {
				ALWAYS_SEARCH_USER_PATHS = NO;
				CLANG_ANALYZER_NONNULL = YES;
				CLANG_ANALYZER_NUMBER_OBJECT_CONVERSION = YES_AGGRESSIVE;
				CLANG_CXX_LANGUAGE_STANDARD = "gnu++14";
				CLANG_CXX_LIBRARY = "libc++";
				CLANG_ENABLE_MODULES = YES;
				CLANG_ENABLE_OBJC_ARC = YES;
				CLANG_ENABLE_OBJC_WEAK = YES;
				CLANG_WARN_BLOCK_CAPTURE_AUTORELEASING = YES;
				CLANG_WARN_BOOL_CONVERSION = YES;
				CLANG_WARN_COMMA = YES;
				CLANG_WARN_CONSTANT_CONVERSION = YES;
				CLANG_WARN_DEPRECATED_OBJC_IMPLEMENTATIONS = YES;
				CLANG_WARN_DIRECT_OBJC_ISA_USAGE = YES_ERROR;
				CLANG_WARN_DOCUMENTATION_COMMENTS = YES;
				CLANG_WARN_EMPTY_BODY = YES;
				CLANG_WARN_ENUM_CONVERSION = YES;
				CLANG_WARN_INFINITE_RECURSION = YES;
				CLANG_WARN_INT_CONVERSION = YES;
				CLANG_WARN_NON_LITERAL_NULL_CONVERSION = YES;
				CLANG_WARN_OBJC_IMPLICIT_RETAIN_SELF = YES;
				CLANG_WARN_OBJC_LITERAL_CONVERSION = YES;
				CLANG_WARN_OBJC_ROOT_CLASS = YES_ERROR;
				CLANG_WARN_RANGE_LOOP_ANALYSIS = YES;
				CLANG_WARN_STRICT_PROTOTYPES = YES;
				CLANG_WARN_SUSPICIOUS_MOVE = YES;
				CLANG_WARN_UNGUARDED_AVAILABILITY = YES_AGGRESSIVE;
				CLANG_WARN_UNREACHABLE_CODE = YES;
				CLANG_WARN__DUPLICATE_METHOD_MATCH = YES;
				COPY_PHASE_STRIP = NO;
				DEBUG_INFORMATION_FORMAT = "dwarf-with-dsym";
				ENABLE_NS_ASSERTIONS = NO;
				ENABLE_STRICT_OBJC_MSGSEND = YES;
				GCC_C_LANGUAGE_STANDARD = gnu11;
				GCC_NO_COMMON_BLOCKS = YES;
				GCC_WARN_64_TO_32_BIT_CONVERSION = YES;
				GCC_WARN_ABOUT_RETURN_TYPE = YES_ERROR;
				GCC_WARN_UNDECLARED_SELECTOR = YES;
				GCC_WARN_UNINITIALIZED_AUTOS = YES_AGGRESSIVE;
				GCC_WARN_UNUSED_FUNCTION = YES;
				GCC_WARN_UNUSED_VARIABLE = YES;
				IPHONEOS_DEPLOYMENT_TARGET = 13.4;
				MTL_ENABLE_DEBUG_INFO = NO;
				MTL_FAST_MATH = YES;
				SDKROOT = iphoneos;
				SWIFT_COMPILATION_MODE = wholemodule;
				SWIFT_OPTIMIZATION_LEVEL = "-O";
				VALIDATE_PRODUCT = YES;
			};
			name = Release;
		};
		A2A730492535BE3B0087B6F8 /* Debug */ = {
			isa = XCBuildConfiguration;
			buildSettings = {
				ASSETCATALOG_COMPILER_APPICON_NAME = AppIcon;
				CODE_SIGN_STYLE = Automatic;
				INFOPLIST_FILE = musicWithLyricsPlayer/Info.plist;
				LD_RUNPATH_SEARCH_PATHS = (
					"$(inherited)",
					"@executable_path/Frameworks",
				);
				PRODUCT_BUNDLE_IDENTIFIER = co.syimyk.musicWithLyricsPlayer;
				PRODUCT_NAME = "$(TARGET_NAME)";
				SWIFT_VERSION = 5.0;
				TARGETED_DEVICE_FAMILY = "1,2";
			};
			name = Debug;
		};
		A2A7304A2535BE3B0087B6F8 /* Release */ = {
			isa = XCBuildConfiguration;
			buildSettings = {
				ASSETCATALOG_COMPILER_APPICON_NAME = AppIcon;
				CODE_SIGN_STYLE = Automatic;
				INFOPLIST_FILE = musicWithLyricsPlayer/Info.plist;
				LD_RUNPATH_SEARCH_PATHS = (
					"$(inherited)",
					"@executable_path/Frameworks",
				);
				PRODUCT_BUNDLE_IDENTIFIER = co.syimyk.musicWithLyricsPlayer;
				PRODUCT_NAME = "$(TARGET_NAME)";
				SWIFT_VERSION = 5.0;
				TARGETED_DEVICE_FAMILY = "1,2";
			};
			name = Release;
		};
/* End XCBuildConfiguration section */

/* Begin XCConfigurationList section */
		A2A7302F2535BE360087B6F8 /* Build configuration list for PBXProject "musicWithLyricsPlayer" */ = {
			isa = XCConfigurationList;
			buildConfigurations = (
				A2A730462535BE3B0087B6F8 /* Debug */,
				A2A730472535BE3B0087B6F8 /* Release */,
			);
			defaultConfigurationIsVisible = 0;
			defaultConfigurationName = Release;
		};
		A2A730482535BE3B0087B6F8 /* Build configuration list for PBXNativeTarget "musicWithLyricsPlayer" */ = {
			isa = XCConfigurationList;
			buildConfigurations = (
				A2A730492535BE3B0087B6F8 /* Debug */,
				A2A7304A2535BE3B0087B6F8 /* Release */,
			);
			defaultConfigurationIsVisible = 0;
			defaultConfigurationName = Release;
		};
/* End XCConfigurationList section */
	};
	rootObject = A2A7302C2535BE360087B6F8 /* Project object */;
}
